
Microsoft Visual Studio Solution File, Format Version 12.00
# Visual Studio 15
VisualStudioVersion = 15.0.28307.271
MinimumVisualStudioVersion = 10.0.40219.1
Project("{9A19103F-16F7-4668-BE54-9A1E7A4F7556}") = "DevelopersApi", "DevelopersApi\DevelopersApi.csproj", "{779EF486-C515-4BA5-A052-7015AC278EC2}"
EndProject
Project("{9A19103F-16F7-4668-BE54-9A1E7A4F7556}") = "DevelopersApi.Core", "DevelopersApi.Core\DevelopersApi.Core.csproj", "{ACC66222-0E5D-422F-97ED-105A52B400ED}"
EndProject
Project("{9A19103F-16F7-4668-BE54-9A1E7A4F7556}") = "DevelopersApi.DataAccess", "DevelopersApi.DataAccess\DevelopersApi.DataAccess.csproj", "{6B57C2EE-82E0-4B31-A90C-6610034D71F9}"
EndProject
Project("{9A19103F-16F7-4668-BE54-9A1E7A4F7556}") = "DevelopersApi.Test", "DevelopersApi.Test\DevelopersApi.Test.csproj", "{DCB83215-1184-405A-B6E4-69C5E4008F0A}"
EndProject
Global
	GlobalSection(SolutionConfigurationPlatforms) = preSolution
		Debug|Any CPU = Debug|Any CPU
		Release|Any CPU = Release|Any CPU
	EndGlobalSection
	GlobalSection(ProjectConfigurationPlatforms) = postSolution
		{779EF486-C515-4BA5-A052-7015AC278EC2}.Debug|Any CPU.ActiveCfg = Debug|Any CPU
		{779EF486-C515-4BA5-A052-7015AC278EC2}.Debug|Any CPU.Build.0 = Debug|Any CPU
		{779EF486-C515-4BA5-A052-7015AC278EC2}.Release|Any CPU.ActiveCfg = Release|Any CPU
		{779EF486-C515-4BA5-A052-7015AC278EC2}.Release|Any CPU.Build.0 = Release|Any CPU
		{ACC66222-0E5D-422F-97ED-105A52B400ED}.Debug|Any CPU.ActiveCfg = Debug|Any CPU
		{ACC66222-0E5D-422F-97ED-105A52B400ED}.Debug|Any CPU.Build.0 = Debug|Any CPU
		{ACC66222-0E5D-422F-97ED-105A52B400ED}.Release|Any CPU.ActiveCfg = Release|Any CPU
		{ACC66222-0E5D-422F-97ED-105A52B400ED}.Release|Any CPU.Build.0 = Release|Any CPU
		{6B57C2EE-82E0-4B31-A90C-6610034D71F9}.Debug|Any CPU.ActiveCfg = Debug|Any CPU
		{6B57C2EE-82E0-4B31-A90C-6610034D71F9}.Debug|Any CPU.Build.0 = Debug|Any CPU
		{6B57C2EE-82E0-4B31-A90C-6610034D71F9}.Release|Any CPU.ActiveCfg = Release|Any CPU
		{6B57C2EE-82E0-4B31-A90C-6610034D71F9}.Release|Any CPU.Build.0 = Release|Any CPU
		{DCB83215-1184-405A-B6E4-69C5E4008F0A}.Debug|Any CPU.ActiveCfg = Debug|Any CPU
		{DCB83215-1184-405A-B6E4-69C5E4008F0A}.Debug|Any CPU.Build.0 = Debug|Any CPU
		{DCB83215-1184-405A-B6E4-69C5E4008F0A}.Release|Any CPU.ActiveCfg = Release|Any CPU
		{DCB83215-1184-405A-B6E4-69C5E4008F0A}.Release|Any CPU.Build.0 = Release|Any CPU
	EndGlobalSection
	GlobalSection(SolutionProperties) = preSolution
		HideSolutionNode = FALSE
	EndGlobalSection
	GlobalSection(ExtensibilityGlobals) = postSolution
		SolutionGuid = {92D1E6CC-B249-4A2E-9845-02D5B3F9035F}
	EndGlobalSection
EndGlobal
